Microsoft Visual Studio Solution File, Format Version 12.00
# Visual Studio Version 17
VisualStudioVersion = 17.5.2.0
MinimumVisualStudioVersion = 10.0.40219.1
Project("{FAE04EC0-301F-11D3-BF4B-00C04F79EFBC}") = "IS202.NrlApp", "IS202.NrlApp\IS202.NrlApp.csproj", "{0C7B3C5B-093A-E86B-64B9-800B7CEAABC3}"
EndProject
Global
	GlobalSection(SolutionConfigurationPlatforms) = preSolution
		Debug|Any CPU = Debug|Any CPU
		Release|Any CPU = Release|Any CPU
	EndGlobalSection
	GlobalSection(ProjectConfigurationPlatforms) = postSolution
		{0C7B3C5B-093A-E86B-64B9-800B7CEAABC3}.Debug|Any CPU.ActiveCfg = Debug|Any CPU
		{0C7B3C5B-093A-E86B-64B9-800B7CEAABC3}.Debug|Any CPU.Build.0 = Debug|Any CPU
		{0C7B3C5B-093A-E86B-64B9-800B7CEAABC3}.Release|Any CPU.ActiveCfg = Release|Any CPU
		{0C7B3C5B-093A-E86B-64B9-800B7CEAABC3}.Release|Any CPU.Build.0 = Release|Any CPU
	EndGlobalSection
	GlobalSection(SolutionProperties) = preSolution
		HideSolutionNode = FALSE
	EndGlobalSection
	GlobalSection(ExtensibilityGlobals) = postSolution
		SolutionGuid = {2A41B2C1-9D76-46E0-92BC-5354F4624A02}
	EndGlobalSection
EndGlobal
