
Microsoft Visual Studio Solution File, Format Version 12.00
# Visual Studio Version 17
VisualStudioVersion = 17.0.31903.59
MinimumVisualStudioVersion = 10.0.40219.1
Project("{FAE04EC0-301F-11D3-BF4B-00C04F79EFBC}") = "IS202.NrlApp", "IS202.NrlApp\IS202.NrlApp.csproj", "{B3CC6675-329E-4ED8-9077-07C62D8834EA}"
EndProject
Project("{FAE04EC0-301F-11D3-BF4B-00C04F79EFBC}") = "IS202.NrlApp.Tests", "IS202.NrlApp.Tests\IS202.NrlApp.Tests.csproj", "{1844498E-6A24-4329-9003-B80E8F332E82}"
EndProject
Global
	GlobalSection(SolutionConfigurationPlatforms) = preSolution
		Debug|Any CPU = Debug|Any CPU
		Debug|x64 = Debug|x64
		Debug|x86 = Debug|x86
		Release|Any CPU = Release|Any CPU
		Release|x64 = Release|x64
		Release|x86 = Release|x86
	EndGlobalSection
	GlobalSection(ProjectConfigurationPlatforms) = postSolution
		{B3CC6675-329E-4ED8-9077-07C62D8834EA}.Debug|Any CPU.ActiveCfg = Debug|Any CPU
		{B3CC6675-329E-4ED8-9077-07C62D8834EA}.Debug|Any CPU.Build.0 = Debug|Any CPU
		{B3CC6675-329E-4ED8-9077-07C62D8834EA}.Debug|x64.ActiveCfg = Debug|Any CPU
		{B3CC6675-329E-4ED8-9077-07C62D8834EA}.Debug|x64.Build.0 = Debug|Any CPU
		{B3CC6675-329E-4ED8-9077-07C62D8834EA}.Debug|x86.ActiveCfg = Debug|Any CPU
		{B3CC6675-329E-4ED8-9077-07C62D8834EA}.Debug|x86.Build.0 = Debug|Any CPU
		{B3CC6675-329E-4ED8-9077-07C62D8834EA}.Release|Any CPU.ActiveCfg = Release|Any CPU
		{B3CC6675-329E-4ED8-9077-07C62D8834EA}.Release|Any CPU.Build.0 = Release|Any CPU
		{B3CC6675-329E-4ED8-9077-07C62D8834EA}.Release|x64.ActiveCfg = Release|Any CPU
		{B3CC6675-329E-4ED8-9077-07C62D8834EA}.Release|x64.Build.0 = Release|Any CPU
		{B3CC6675-329E-4ED8-9077-07C62D8834EA}.Release|x86.ActiveCfg = Release|Any CPU
		{B3CC6675-329E-4ED8-9077-07C62D8834EA}.Release|x86.Build.0 = Release|Any CPU
		{1844498E-6A24-4329-9003-B80E8F332E82}.Debug|Any CPU.ActiveCfg = Debug|Any CPU
		{1844498E-6A24-4329-9003-B80E8F332E82}.Debug|Any CPU.Build.0 = Debug|Any CPU
		{1844498E-6A24-4329-9003-B80E8F332E82}.Debug|x64.ActiveCfg = Debug|Any CPU
		{1844498E-6A24-4329-9003-B80E8F332E82}.Debug|x64.Build.0 = Debug|Any CPU
		{1844498E-6A24-4329-9003-B80E8F332E82}.Debug|x86.ActiveCfg = Debug|Any CPU
		{1844498E-6A24-4329-9003-B80E8F332E82}.Debug|x86.Build.0 = Debug|Any CPU
		{1844498E-6A24-4329-9003-B80E8F332E82}.Release|Any CPU.ActiveCfg = Release|Any CPU
		{1844498E-6A24-4329-9003-B80E8F332E82}.Release|Any CPU.Build.0 = Release|Any CPU
		{1844498E-6A24-4329-9003-B80E8F332E82}.Release|x64.ActiveCfg = Release|Any CPU
		{1844498E-6A24-4329-9003-B80E8F332E82}.Release|x64.Build.0 = Release|Any CPU
		{1844498E-6A24-4329-9003-B80E8F332E82}.Release|x86.ActiveCfg = Release|Any CPU
		{1844498E-6A24-4329-9003-B80E8F332E82}.Release|x86.Build.0 = Release|Any CPU
	EndGlobalSection
	GlobalSection(SolutionProperties) = preSolution
		HideSolutionNode = FALSE
	EndGlobalSection
EndGlobal
